// !$*UTF8*$!
{
	archiveVersion = 1;
	classes = {
	};
	objectVersion = 50;
	objects = {

/* Begin PBXBuildFile section */
		9636C1B12547804500FBC0C2 /* AppDelegate.swift in Sources */ = {isa = PBXBuildFile; fileRef = 9636C1B02547804500FBC0C2 /* AppDelegate.swift */; };
		9636C1B32547804500FBC0C2 /* SceneDelegate.swift in Sources */ = {isa = PBXBuildFile; fileRef = 9636C1B22547804500FBC0C2 /* SceneDelegate.swift */; };
		9636C1B52547804500FBC0C2 /* ViewController.swift in Sources */ = {isa = PBXBuildFile; fileRef = 9636C1B42547804500FBC0C2 /* ViewController.swift */; };
		9636C1B82547804500FBC0C2 /* Main.storyboard in Resources */ = {isa = PBXBuildFile; fileRef = 9636C1B62547804500FBC0C2 /* Main.storyboard */; };
		9636C1BA2547804700FBC0C2 /* Assets.xcassets in Resources */ = {isa = PBXBuildFile; fileRef = 9636C1B92547804700FBC0C2 /* Assets.xcassets */; };
		9636C1BD2547804700FBC0C2 /* LaunchScreen.storyboard in Resources */ = {isa = PBXBuildFile; fileRef = 9636C1BB2547804700FBC0C2 /* LaunchScreen.storyboard */; };
		9636C1C82547804700FBC0C2 /* FilipWallin1Tests.swift in Sources */ = {isa = PBXBuildFile; fileRef = 9636C1C72547804700FBC0C2 /* FilipWallin1Tests.swift */; };
		9636C1D32547804700FBC0C2 /* FilipWallin1UITests.swift in Sources */ = {isa = PBXBuildFile; fileRef = 9636C1D22547804700FBC0C2 /* FilipWallin1UITests.swift */; };
/* End PBXBuildFile section */

/* Begin PBXContainerItemProxy section */
		9636C1C42547804700FBC0C2 /* PBXContainerItemProxy */ = {
			isa = PBXContainerItemProxy;
			containerPortal = 9636C1A52547804500FBC0C2 /* Project object */;
			proxyType = 1;
			remoteGlobalIDString = 9636C1AC2547804500FBC0C2;
			remoteInfo = FilipWallin1;
		};
		9636C1CF2547804700FBC0C2 /* PBXContainerItemProxy */ = {
			isa = PBXContainerItemProxy;
			containerPortal = 9636C1A52547804500FBC0C2 /* Project object */;
			proxyType = 1;
			remoteGlobalIDString = 9636C1AC2547804500FBC0C2;
			remoteInfo = FilipWallin1;
		};
/* End PBXContainerItemProxy section */

/* Begin PBXFileReference section */
		9636C1AD2547804500FBC0C2 /* FilipWallin1.app */ = {isa = PBXFileReference; explicitFileType = wrapper.application; includeInIndex = 0; path = FilipWallin1.app; sourceTree = BUILT_PRODUCTS_DIR; };
		9636C1B02547804500FBC0C2 /* AppDelegate.swift */ = {isa = PBXFileReference; lastKnownFileType = sourcecode.swift; path = AppDelegate.swift; sourceTree = "<group>"; };
		9636C1B22547804500FBC0C2 /* SceneDelegate.swift */ = {isa = PBXFileReference; lastKnownFileType = sourcecode.swift; path = SceneDelegate.swift; sourceTree = "<group>"; };
		9636C1B42547804500FBC0C2 /* ViewController.swift */ = {isa = PBXFileReference; lastKnownFileType = sourcecode.swift; path = ViewController.swift; sourceTree = "<group>"; };
		9636C1B72547804500FBC0C2 /* Base */ = {isa = PBXFileReference; lastKnownFileType = file.storyboard; name = Base; path = Base.lproj/Main.storyboard; sourceTree = "<group>"; };
		9636C1B92547804700FBC0C2 /* Assets.xcassets */ = {isa = PBXFileReference; lastKnownFileType = folder.assetcatalog; path = Assets.xcassets; sourceTree = "<group>"; };
		9636C1BC2547804700FBC0C2 /* Base */ = {isa = PBXFileReference; lastKnownFileType = file.storyboard; name = Base; path = Base.lproj/LaunchScreen.storyboard; sourceTree = "<group>"; };
		9636C1BE2547804700FBC0C2 /* Info.plist */ = {isa = PBXFileReference; lastKnownFileType = text.plist.xml; path = Info.plist; sourceTree = "<group>"; };
		9636C1C32547804700FBC0C2 /* FilipWallin1Tests.xctest */ = {isa = PBXFileReference; explicitFileType = wrapper.cfbundle; includeInIndex = 0; path = FilipWallin1Tests.xctest; sourceTree = BUILT_PRODUCTS_DIR; };
		9636C1C72547804700FBC0C2 /* FilipWallin1Tests.swift */ = {isa = PBXFileReference; lastKnownFileType = sourcecode.swift; path = FilipWallin1Tests.swift; sourceTree = "<group>"; };
		9636C1C92547804700FBC0C2 /* Info.plist */ = {isa = PBXFileReference; lastKnownFileType = text.plist.xml; path = Info.plist; sourceTree = "<group>"; };
		9636C1CE2547804700FBC0C2 /* FilipWallin1UITests.xctest */ = {isa = PBXFileReference; explicitFileType = wrapper.cfbundle; includeInIndex = 0; path = FilipWallin1UITests.xctest; sourceTree = BUILT_PRODUCTS_DIR; };
		9636C1D22547804700FBC0C2 /* FilipWallin1UITests.swift */ = {isa = PBXFileReference; lastKnownFileType = sourcecode.swift; path = FilipWallin1UITests.swift; sourceTree = "<group>"; };
		9636C1D42547804700FBC0C2 /* Info.plist */ = {isa = PBXFileReference; lastKnownFileType = text.plist.xml; path = Info.plist; sourceTree = "<group>"; };
/* End PBXFileReference section */

/* Begin PBXFrameworksBuildPhase section */
		9636C1AA2547804500FBC0C2 /* Frameworks */ = {
			isa = PBXFrameworksBuildPhase;
			buildActionMask = 2147483647;
			files = (
			);
			runOnlyForDeploymentPostprocessing = 0;
		};
		9636C1C02547804700FBC0C2 /* Frameworks */ = {
			isa = PBXFrameworksBuildPhase;
			buildActionMask = 2147483647;
			files = (
			);
			runOnlyForDeploymentPostprocessing = 0;
		};
		9636C1CB2547804700FBC0C2 /* Frameworks */ = {
			isa = PBXFrameworksBuildPhase;
			buildActionMask = 2147483647;
			files = (
			);
			runOnlyForDeploymentPostprocessing = 0;
		};
/* End PBXFrameworksBuildPhase section */

/* Begin PBXGroup section */
		9636C1A42547804500FBC0C2 = {
			isa = PBXGroup;
			children = (
				9636C1AF2547804500FBC0C2 /* FilipWallin1 */,
				9636C1C62547804700FBC0C2 /* FilipWallin1Tests */,
				9636C1D12547804700FBC0C2 /* FilipWallin1UITests */,
				9636C1AE2547804500FBC0C2 /* Products */,
			);
			sourceTree = "<group>";
		};
		9636C1AE2547804500FBC0C2 /* Products */ = {
			isa = PBXGroup;
			children = (
				9636C1AD2547804500FBC0C2 /* FilipWallin1.app */,
				9636C1C32547804700FBC0C2 /* FilipWallin1Tests.xctest */,
				9636C1CE2547804700FBC0C2 /* FilipWallin1UITests.xctest */,
			);
			name = Products;
			sourceTree = "<group>";
		};
		9636C1AF2547804500FBC0C2 /* FilipWallin1 */ = {
			isa = PBXGroup;
			children = (
				9636C1B02547804500FBC0C2 /* AppDelegate.swift */,
				9636C1B22547804500FBC0C2 /* SceneDelegate.swift */,
				9636C1B42547804500FBC0C2 /* ViewController.swift */,
				9636C1B62547804500FBC0C2 /* Main.storyboard */,
				9636C1B92547804700FBC0C2 /* Assets.xcassets */,
				9636C1BB2547804700FBC0C2 /* LaunchScreen.storyboard */,
				9636C1BE2547804700FBC0C2 /* Info.plist */,
			);
			path = FilipWallin1;
			sourceTree = "<group>";
		};
		9636C1C62547804700FBC0C2 /* FilipWallin1Tests */ = {
			isa = PBXGroup;
			children = (
				9636C1C72547804700FBC0C2 /* FilipWallin1Tests.swift */,
				9636C1C92547804700FBC0C2 /* Info.plist */,
			);
			path = FilipWallin1Tests;
			sourceTree = "<group>";
		};
		9636C1D12547804700FBC0C2 /* FilipWallin1UITests */ = {
			isa = PBXGroup;
			children = (
				9636C1D22547804700FBC0C2 /* FilipWallin1UITests.swift */,
				9636C1D42547804700FBC0C2 /* Info.plist */,
			);
			path = FilipWallin1UITests;
			sourceTree = "<group>";
		};
/* End PBXGroup section */

/* Begin PBXNativeTarget section */
		9636C1AC2547804500FBC0C2 /* FilipWallin1 */ = {
			isa = PBXNativeTarget;
			buildConfigurationList = 9636C1D72547804700FBC0C2 /* Build configuration list for PBXNativeTarget "FilipWallin1" */;
			buildPhases = (
				9636C1A92547804500FBC0C2 /* Sources */,
				9636C1AA2547804500FBC0C2 /* Frameworks */,
				9636C1AB2547804500FBC0C2 /* Resources */,
			);
			buildRules = (
			);
			dependencies = (
			);
			name = FilipWallin1;
			productName = FilipWallin1;
			productReference = 9636C1AD2547804500FBC0C2 /* FilipWallin1.app */;
			productType = "com.apple.product-type.application";
		};
		9636C1C22547804700FBC0C2 /* FilipWallin1Tests */ = {
			isa = PBXNativeTarget;
			buildConfigurationList = 9636C1DA2547804700FBC0C2 /* Build configuration list for PBXNativeTarget "FilipWallin1Tests" */;
			buildPhases = (
				9636C1BF2547804700FBC0C2 /* Sources */,
				9636C1C02547804700FBC0C2 /* Frameworks */,
				9636C1C12547804700FBC0C2 /* Resources */,
			);
			buildRules = (
			);
			dependencies = (
				9636C1C52547804700FBC0C2 /* PBXTargetDependency */,
			);
			name = FilipWallin1Tests;
			productName = FilipWallin1Tests;
			productReference = 9636C1C32547804700FBC0C2 /* FilipWallin1Tests.xctest */;
			productType = "com.apple.product-type.bundle.unit-test";
		};
		9636C1CD2547804700FBC0C2 /* FilipWallin1UITests */ = {
			isa = PBXNativeTarget;
			buildConfigurationList = 9636C1DD2547804700FBC0C2 /* Build configuration list for PBXNativeTarget "FilipWallin1UITests" */;
			buildPhases = (
				9636C1CA2547804700FBC0C2 /* Sources */,
				9636C1CB2547804700FBC0C2 /* Frameworks */,
				9636C1CC2547804700FBC0C2 /* Resources */,
			);
			buildRules = (
			);
			dependencies = (
				9636C1D02547804700FBC0C2 /* PBXTargetDependency */,
			);
			name = FilipWallin1UITests;
			productName = FilipWallin1UITests;
			productReference = 9636C1CE2547804700FBC0C2 /* FilipWallin1UITests.xctest */;
			productType = "com.apple.product-type.bundle.ui-testing";
		};
/* End PBXNativeTarget section */

/* Begin PBXProject section */
		9636C1A52547804500FBC0C2 /* Project object */ = {
			isa = PBXProject;
			attributes = {
				LastSwiftUpdateCheck = 1200;
				LastUpgradeCheck = 1200;
				TargetAttributes = {
					9636C1AC2547804500FBC0C2 = {
						CreatedOnToolsVersion = 12.0.1;
					};
					9636C1C22547804700FBC0C2 = {
						CreatedOnToolsVersion = 12.0.1;
						TestTargetID = 9636C1AC2547804500FBC0C2;
					};
					9636C1CD2547804700FBC0C2 = {
						CreatedOnToolsVersion = 12.0.1;
						TestTargetID = 9636C1AC2547804500FBC0C2;
					};
				};
			};
			buildConfigurationList = 9636C1A82547804500FBC0C2 /* Build configuration list for PBXProject "FilipWallin1" */;
			compatibilityVersion = "Xcode 9.3";
			developmentRegion = en;
			hasScannedForEncodings = 0;
			knownRegions = (
				en,
				Base,
			);
			mainGroup = 9636C1A42547804500FBC0C2;
			productRefGroup = 9636C1AE2547804500FBC0C2 /* Products */;
			projectDirPath = "";
			projectRoot = "";
			targets = (
				9636C1AC2547804500FBC0C2 /* FilipWallin1 */,
				9636C1C22547804700FBC0C2 /* FilipWallin1Tests */,
				9636C1CD2547804700FBC0C2 /* FilipWallin1UITests */,
			);
		};
/* End PBXProject section */

/* Begin PBXResourcesBuildPhase section */
		9636C1AB2547804500FBC0C2 /* Resources */ = {
			isa = PBXResourcesBuildPhase;
			buildActionMask = 2147483647;
			files = (
				9636C1BD2547804700FBC0C2 /* LaunchScreen.storyboard in Resources */,
				9636C1BA2547804700FBC0C2 /* Assets.xcassets in Resources */,
				9636C1B82547804500FBC0C2 /* Main.storyboard in Resources */,
			);
			runOnlyForDeploymentPostprocessing = 0;
		};
		9636C1C12547804700FBC0C2 /* Resources */ = {
			isa = PBXResourcesBuildPhase;
			buildActionMask = 2147483647;
			files = (
			);
			runOnlyForDeploymentPostprocessing = 0;
		};
		9636C1CC2547804700FBC0C2 /* Resources */ = {
			isa = PBXResourcesBuildPhase;
			buildActionMask = 2147483647;
			files = (
			);
			runOnlyForDeploymentPostprocessing = 0;
		};
/* End PBXResourcesBuildPhase section */

/* Begin PBXSourcesBuildPhase section */
		9636C1A92547804500FBC0C2 /* Sources */ = {
			isa = PBXSourcesBuildPhase;
			buildActionMask = 2147483647;
			files = (
				9636C1B52547804500FBC0C2 /* ViewController.swift in Sources */,
				9636C1B12547804500FBC0C2 /* AppDelegate.swift in Sources */,
				9636C1B32547804500FBC0C2 /* SceneDelegate.swift in Sources */,
			);
			runOnlyForDeploymentPostprocessing = 0;
		};
		9636C1BF2547804700FBC0C2 /* Sources */ = {
			isa = PBXSourcesBuildPhase;
			buildActionMask = 2147483647;
			files = (
				9636C1C82547804700FBC0C2 /* FilipWallin1Tests.swift in Sources */,
			);
			runOnlyForDeploymentPostprocessing = 0;
		};
		9636C1CA2547804700FBC0C2 /* Sources */ = {
			isa = PBXSourcesBuildPhase;
			buildActionMask = 2147483647;
			files = (
				9636C1D32547804700FBC0C2 /* FilipWallin1UITests.swift in Sources */,
			);
			runOnlyForDeploymentPostprocessing = 0;
		};
/* End PBXSourcesBuildPhase section */

/* Begin PBXTargetDependency section */
		9636C1C52547804700FBC0C2 /* PBXTargetDependency */ = {
			isa = PBXTargetDependency;
			target = 9636C1AC2547804500FBC0C2 /* FilipWallin1 */;
			targetProxy = 9636C1C42547804700FBC0C2 /* PBXContainerItemProxy */;
		};
		9636C1D02547804700FBC0C2 /* PBXTargetDependency */ = {
			isa = PBXTargetDependency;
			target = 9636C1AC2547804500FBC0C2 /* FilipWallin1 */;
			targetProxy = 9636C1CF2547804700FBC0C2 /* PBXContainerItemProxy */;
		};
/* End PBXTargetDependency section */

/* Begin PBXVariantGroup section */
		9636C1B62547804500FBC0C2 /* Main.storyboard */ = {
			isa = PBXVariantGroup;
			children = (
				9636C1B72547804500FBC0C2 /* Base */,
			);
			name = Main.storyboard;
			sourceTree = "<group>";
		};
		9636C1BB2547804700FBC0C2 /* LaunchScreen.storyboard */ = {
			isa = PBXVariantGroup;
			children = (
				9636C1BC2547804700FBC0C2 /* Base */,
			);
			name = LaunchScreen.storyboard;
			sourceTree = "<group>";
		};
/* End PBXVariantGroup section */

/* Begin XCBuildConfiguration section */
		9636C1D52547804700FBC0C2 /* Debug */ = {
			isa = XCBuildConfiguration;
			buildSettings = {
				ALWAYS_SEARCH_USER_PATHS = NO;
				CLANG_ANALYZER_NONNULL = YES;
				CLANG_ANALYZER_NUMBER_OBJECT_CONVERSION = YES_AGGRESSIVE;
				CLANG_CXX_LANGUAGE_STANDARD = "gnu++14";
				CLANG_CXX_LIBRARY = "libc++";
				CLANG_ENABLE_MODULES = YES;
				CLANG_ENABLE_OBJC_ARC = YES;
				CLANG_ENABLE_OBJC_WEAK = YES;
				CLANG_WARN_BLOCK_CAPTURE_AUTORELEASING = YES;
				CLANG_WARN_BOOL_CONVERSION = YES;
				CLANG_WARN_COMMA = YES;
				CLANG_WARN_CONSTANT_CONVERSION = YES;
				CLANG_WARN_DEPRECATED_OBJC_IMPLEMENTATIONS = YES;
				CLANG_WARN_DIRECT_OBJC_ISA_USAGE = YES_ERROR;
				CLANG_WARN_DOCUMENTATION_COMMENTS = YES;
				CLANG_WARN_EMPTY_BODY = YES;
				CLANG_WARN_ENUM_CONVERSION = YES;
				CLANG_WARN_INFINITE_RECURSION = YES;
				CLANG_WARN_INT_CONVERSION = YES;
				CLANG_WARN_NON_LITERAL_NULL_CONVERSION = YES;
				CLANG_WARN_OBJC_IMPLICIT_RETAIN_SELF = YES;
				CLANG_WARN_OBJC_LITERAL_CONVERSION = YES;
				CLANG_WARN_OBJC_ROOT_CLASS = YES_ERROR;
				CLANG_WARN_QUOTED_INCLUDE_IN_FRAMEWORK_HEADER = YES;
				CLANG_WARN_RANGE_LOOP_ANALYSIS = YES;
				CLANG_WARN_STRICT_PROTOTYPES = YES;
				CLANG_WARN_SUSPICIOUS_MOVE = YES;
				CLANG_WARN_UNGUARDED_AVAILABILITY = YES_AGGRESSIVE;
				CLANG_WARN_UNREACHABLE_CODE = YES;
				CLANG_WARN__DUPLICATE_METHOD_MATCH = YES;
				COPY_PHASE_STRIP = NO;
				DEBUG_INFORMATION_FORMAT = dwarf;
				ENABLE_STRICT_OBJC_MSGSEND = YES;
				ENABLE_TESTABILITY = YES;
				GCC_C_LANGUAGE_STANDARD = gnu11;
				GCC_DYNAMIC_NO_PIC = NO;
				GCC_NO_COMMON_BLOCKS = YES;
				GCC_OPTIMIZATION_LEVEL = 0;
				GCC_PREPROCESSOR_DEFINITIONS = (
					"DEBUG=1",
					"$(inherited)",
				);
				GCC_WARN_64_TO_32_BIT_CONVERSION = YES;
				GCC_WARN_ABOUT_RETURN_TYPE = YES_ERROR;
				GCC_WARN_UNDECLARED_SELECTOR = YES;
				GCC_WARN_UNINITIALIZED_AUTOS = YES_AGGRESSIVE;
				GCC_WARN_UNUSED_FUNCTION = YES;
				GCC_WARN_UNUSED_VARIABLE = YES;
				IPHONEOS_DEPLOYMENT_TARGET = 14.0;
				MTL_ENABLE_DEBUG_INFO = INCLUDE_SOURCE;
				MTL_FAST_MATH = YES;
				ONLY_ACTIVE_ARCH = YES;
				SDKROOT = iphoneos;
				SWIFT_ACTIVE_COMPILATION_CONDITIONS = DEBUG;
				SWIFT_OPTIMIZATION_LEVEL = "-Onone";
			};
			name = Debug;
		};
		9636C1D62547804700FBC0C2 /* Release */ = {
			isa = XCBuildConfiguration;
			buildSettings = {
				ALWAYS_SEARCH_USER_PATHS = NO;
				CLANG_ANALYZER_NONNULL = YES;
				CLANG_ANALYZER_NUMBER_OBJECT_CONVERSION = YES_AGGRESSIVE;
				CLANG_CXX_LANGUAGE_STANDARD = "gnu++14";
				CLANG_CXX_LIBRARY = "libc++";
				CLANG_ENABLE_MODULES = YES;
				CLANG_ENABLE_OBJC_ARC = YES;
				CLANG_ENABLE_OBJC_WEAK = YES;
				CLANG_WARN_BLOCK_CAPTURE_AUTORELEASING = YES;
				CLANG_WARN_BOOL_CONVERSION = YES;
				CLANG_WARN_COMMA = YES;
				CLANG_WARN_CONSTANT_CONVERSION = YES;
				CLANG_WARN_DEPRECATED_OBJC_IMPLEMENTATIONS = YES;
				CLANG_WARN_DIRECT_OBJC_ISA_USAGE = YES_ERROR;
				CLANG_WARN_DOCUMENTATION_COMMENTS = YES;
				CLANG_WARN_EMPTY_BODY = YES;
				CLANG_WARN_ENUM_CONVERSION = YES;
				CLANG_WARN_INFINITE_RECURSION = YES;
				CLANG_WARN_INT_CONVERSION = YES;
				CLANG_WARN_NON_LITERAL_NULL_CONVERSION = YES;
				CLANG_WARN_OBJC_IMPLICIT_RETAIN_SELF = YES;
				CLANG_WARN_OBJC_LITERAL_CONVERSION = YES;
				CLANG_WARN_OBJC_ROOT_CLASS = YES_ERROR;
				CLANG_WARN_QUOTED_INCLUDE_IN_FRAMEWORK_HEADER = YES;
				CLANG_WARN_RANGE_LOOP_ANALYSIS = YES;
				CLANG_WARN_STRICT_PROTOTYPES = YES;
				CLANG_WARN_SUSPICIOUS_MOVE = YES;
				CLANG_WARN_UNGUARDED_AVAILABILITY = YES_AGGRESSIVE;
				CLANG_WARN_UNREACHABLE_CODE = YES;
				CLANG_WARN__DUPLICATE_METHOD_MATCH = YES;
				COPY_PHASE_STRIP = NO;
				DEBUG_INFORMATION_FORMAT = "dwarf-with-dsym";
				ENABLE_NS_ASSERTIONS = NO;
				ENABLE_STRICT_OBJC_MSGSEND = YES;
				GCC_C_LANGUAGE_STANDARD = gnu11;
				GCC_NO_COMMON_BLOCKS = YES;
				GCC_WARN_64_TO_32_BIT_CONVERSION = YES;
				GCC_WARN_ABOUT_RETURN_TYPE = YES_ERROR;
				GCC_WARN_UNDECLARED_SELECTOR = YES;
				GCC_WARN_UNINITIALIZED_AUTOS = YES_AGGRESSIVE;
				GCC_WARN_UNUSED_FUNCTION = YES;
				GCC_WARN_UNUSED_VARIABLE = YES;
				IPHONEOS_DEPLOYMENT_TARGET = 14.0;
				MTL_ENABLE_DEBUG_INFO = NO;
				MTL_FAST_MATH = YES;
				SDKROOT = iphoneos;
				SWIFT_COMPILATION_MODE = wholemodule;
				SWIFT_OPTIMIZATION_LEVEL = "-O";
				VALIDATE_PRODUCT = YES;
			};
			name = Release;
		};
		9636C1D82547804700FBC0C2 /* Debug */ = {
			isa = XCBuildConfiguration;
			buildSettings = {
				ASSETCATALOG_COMPILER_APPICON_NAME = AppIcon;
				ASSETCATALOG_COMPILER_GLOBAL_ACCENT_COLOR_NAME = AccentColor;
				CODE_SIGN_STYLE = Automatic;
				INFOPLIST_FILE = FilipWallin1/Info.plist;
				LD_RUNPATH_SEARCH_PATHS = (
					"$(inherited)",
					"@executable_path/Frameworks",
				);
				PRODUCT_BUNDLE_IDENTIFIER = d.FilipWallin1;
				PRODUCT_NAME = "$(TARGET_NAME)";
				SWIFT_VERSION = 5.0;
				TARGETED_DEVICE_FAMILY = "1,2";
			};
			name = Debug;
		};
		9636C1D92547804700FBC0C2 /* Release */ = {
			isa = XCBuildConfiguration;
			buildSettings = {
				ASSETCATALOG_COMPILER_APPICON_NAME = AppIcon;
				ASSETCATALOG_COMPILER_GLOBAL_ACCENT_COLOR_NAME = AccentColor;
				CODE_SIGN_STYLE = Automatic;
				INFOPLIST_FILE = FilipWallin1/Info.plist;
				LD_RUNPATH_SEARCH_PATHS = (
					"$(inherited)",
					"@executable_path/Frameworks",
				);
				PRODUCT_BUNDLE_IDENTIFIER = d.FilipWallin1;
				PRODUCT_NAME = "$(TARGET_NAME)";
				SWIFT_VERSION = 5.0;
				TARGETED_DEVICE_FAMILY = "1,2";
			};
			name = Release;
		};
		9636C1DB2547804700FBC0C2 /* Debug */ = {
			isa = XCBuildConfiguration;
			buildSettings = {
				ALWAYS_EMBED_SWIFT_STANDARD_LIBRARIES = YES;
				BUNDLE_LOADER = "$(TEST_HOST)";
				CODE_SIGN_STYLE = Automatic;
				INFOPLIST_FILE = FilipWallin1Tests/Info.plist;
				IPHONEOS_DEPLOYMENT_TARGET = 14.0;
				LD_RUNPATH_SEARCH_PATHS = (
					"$(inherited)",
					"@executable_path/Frameworks",
					"@loader_path/Frameworks",
				);
				PRODUCT_BUNDLE_IDENTIFIER = d.FilipWallin1Tests;
				PRODUCT_NAME = "$(TARGET_NAME)";
				SWIFT_VERSION = 5.0;
				TARGETED_DEVICE_FAMILY = "1,2";
				TEST_HOST = "$(BUILT_PRODUCTS_DIR)/FilipWallin1.app/FilipWallin1";
			};
			name = Debug;
		};
		9636C1DC2547804700FBC0C2 /* Release */ = {
			isa = XCBuildConfiguration;
			buildSettings = {
				ALWAYS_EMBED_SWIFT_STANDARD_LIBRARIES = YES;
				BUNDLE_LOADER = "$(TEST_HOST)";
				CODE_SIGN_STYLE = Automatic;
				INFOPLIST_FILE = FilipWallin1Tests/Info.plist;
				IPHONEOS_DEPLOYMENT_TARGET = 14.0;
				LD_RUNPATH_SEARCH_PATHS = (
					"$(inherited)",
					"@executable_path/Frameworks",
					"@loader_path/Frameworks",
				);
				PRODUCT_BUNDLE_IDENTIFIER = d.FilipWallin1Tests;
				PRODUCT_NAME = "$(TARGET_NAME)";
				SWIFT_VERSION = 5.0;
				TARGETED_DEVICE_FAMILY = "1,2";
				TEST_HOST = "$(BUILT_PRODUCTS_DIR)/FilipWallin1.app/FilipWallin1";
			};
			name = Release;
		};
		9636C1DE2547804700FBC0C2 /* Debug */ = {
			isa = XCBuildConfiguration;
			buildSettings = {
				ALWAYS_EMBED_SWIFT_STANDARD_LIBRARIES = YES;
				CODE_SIGN_STYLE = Automatic;
				INFOPLIST_FILE = FilipWallin1UITests/Info.plist;
				LD_RUNPATH_SEARCH_PATHS = (
					"$(inherited)",
					"@executable_path/Frameworks",
					"@loader_path/Frameworks",
				);
				PRODUCT_BUNDLE_IDENTIFIER = d.FilipWallin1UITests;
				PRODUCT_NAME = "$(TARGET_NAME)";
				SWIFT_VERSION = 5.0;
				TARGETED_DEVICE_FAMILY = "1,2";
				TEST_TARGET_NAME = FilipWallin1;
			};
			name = Debug;
		};
		9636C1DF2547804700FBC0C2 /* Release */ = {
			isa = XCBuildConfiguration;
			buildSettings = {
				ALWAYS_EMBED_SWIFT_STANDARD_LIBRARIES = YES;
				CODE_SIGN_STYLE = Automatic;
				INFOPLIST_FILE = FilipWallin1UITests/Info.plist;
				LD_RUNPATH_SEARCH_PATHS = (
					"$(inherited)",
					"@executable_path/Frameworks",
					"@loader_path/Frameworks",
				);
				PRODUCT_BUNDLE_IDENTIFIER = d.FilipWallin1UITests;
				PRODUCT_NAME = "$(TARGET_NAME)";
				SWIFT_VERSION = 5.0;
				TARGETED_DEVICE_FAMILY = "1,2";
				TEST_TARGET_NAME = FilipWallin1;
			};
			name = Release;
		};
/* End XCBuildConfiguration section */

/* Begin XCConfigurationList section */
		9636C1A82547804500FBC0C2 /* Build configuration list for PBXProject "FilipWallin1" */ = {
			isa = XCConfigurationList;
			buildConfigurations = (
				9636C1D52547804700FBC0C2 /* Debug */,
				9636C1D62547804700FBC0C2 /* Release */,
			);
			defaultConfigurationIsVisible = 0;
			defaultConfigurationName = Release;
		};
		9636C1D72547804700FBC0C2 /* Build configuration list for PBXNativeTarget "FilipWallin1" */ = {
			isa = XCConfigurationList;
			buildConfigurations = (
				9636C1D82547804700FBC0C2 /* Debug */,
				9636C1D92547804700FBC0C2 /* Release */,
			);
			defaultConfigurationIsVisible = 0;
			defaultConfigurationName = Release;
		};
		9636C1DA2547804700FBC0C2 /* Build configuration list for PBXNativeTarget "FilipWallin1Tests" */ = {
			isa = XCConfigurationList;
			buildConfigurations = (
				9636C1DB2547804700FBC0C2 /* Debug */,
				9636C1DC2547804700FBC0C2 /* Release */,
			);
			defaultConfigurationIsVisible = 0;
			defaultConfigurationName = Release;
		};
		9636C1DD2547804700FBC0C2 /* Build configuration list for PBXNativeTarget "FilipWallin1UITests" */ = {
			isa = XCConfigurationList;
			buildConfigurations = (
				9636C1DE2547804700FBC0C2 /* Debug */,
				9636C1DF2547804700FBC0C2 /* Release */,
			);
			defaultConfigurationIsVisible = 0;
			defaultConfigurationName = Release;
		};
/* End XCConfigurationList section */
	};
	rootObject = 9636C1A52547804500FBC0C2 /* Project object */;
}
